// !$*UTF8*$!
{
	archiveVersion = 1;
	classes = {
	};
	objectVersion = 46;
	objects = {

/* Begin PBXBuildFile section */
		229FB1BA1CA2433400F72121 /* main.m in Sources */ = {isa = PBXBuildFile; fileRef = 229FB1B91CA2433400F72121 /* main.m */; };
		229FB1BD1CA2433400F72121 /* AppDelegate.m in Sources */ = {isa = PBXBuildFile; fileRef = 229FB1BC1CA2433400F72121 /* AppDelegate.m */; };
		229FB1C01CA2433400F72121 /* MasterViewController.m in Sources */ = {isa = PBXBuildFile; fileRef = 229FB1BF1CA2433400F72121 /* MasterViewController.m */; };
		229FB1C31CA2433400F72121 /* DetailViewController.m in Sources */ = {isa = PBXBuildFile; fileRef = 229FB1C21CA2433400F72121 /* DetailViewController.m */; };
		229FB1C61CA2433400F72121 /* Main.storyboard in Resources */ = {isa = PBXBuildFile; fileRef = 229FB1C41CA2433400F72121 /* Main.storyboard */; };
		229FB1C81CA2433400F72121 /* Assets.xcassets in Resources */ = {isa = PBXBuildFile; fileRef = 229FB1C71CA2433400F72121 /* Assets.xcassets */; };
		229FB1CB1CA2433400F72121 /* LaunchScreen.storyboard in Resources */ = {isa = PBXBuildFile; fileRef = 229FB1C91CA2433400F72121 /* LaunchScreen.storyboard */; };
		229FB1D61CA2433400F72121 /* ImageMasterDetailTests.m in Sources */ = {isa = PBXBuildFile; fileRef = 229FB1D51CA2433400F72121 /* ImageMasterDetailTests.m */; };
		229FB1E21CA2484D00F72121 /* ImageCell.m in Sources */ = {isa = PBXBuildFile; fileRef = 229FB1E11CA2484D00F72121 /* ImageCell.m */; };
/* End PBXBuildFile section */

/* Begin PBXContainerItemProxy section */
		229FB1D21CA2433400F72121 /* PBXContainerItemProxy */ = {
			isa = PBXContainerItemProxy;
			containerPortal = 229FB1AD1CA2433400F72121 /* Project object */;
			proxyType = 1;
			remoteGlobalIDString = 229FB1B41CA2433400F72121;
			remoteInfo = ImageMasterDetail;
		};
/* End PBXContainerItemProxy section */

/* Begin PBXFileReference section */
		229FB1B51CA2433400F72121 /* ImageMasterDetail.app */ = {isa = PBXFileReference; explicitFileType = wrapper.application; includeInIndex = 0; path = ImageMasterDetail.app; sourceTree = BUILT_PRODUCTS_DIR; };
		229FB1B91CA2433400F72121 /* main.m */ = {isa = PBXFileReference; lastKnownFileType = sourcecode.c.objc; path = main.m; sourceTree = "<group>"; };
		229FB1BB1CA2433400F72121 /* AppDelegate.h */ = {isa = PBXFileReference; lastKnownFileType = sourcecode.c.h; path = AppDelegate.h; sourceTree = "<group>"; };
		229FB1BC1CA2433400F72121 /* AppDelegate.m */ = {isa = PBXFileReference; lastKnownFileType = sourcecode.c.objc; path = AppDelegate.m; sourceTree = "<group>"; };
		229FB1BE1CA2433400F72121 /* MasterViewController.h */ = {isa = PBXFileReference; lastKnownFileType = sourcecode.c.h; path = MasterViewController.h; sourceTree = "<group>"; };
		229FB1BF1CA2433400F72121 /* MasterViewController.m */ = {isa = PBXFileReference; lastKnownFileType = sourcecode.c.objc; path = MasterViewController.m; sourceTree = "<group>"; };
		229FB1C11CA2433400F72121 /* DetailViewController.h */ = {isa = PBXFileReference; lastKnownFileType = sourcecode.c.h; path = DetailViewController.h; sourceTree = "<group>"; };
		229FB1C21CA2433400F72121 /* DetailViewController.m */ = {isa = PBXFileReference; lastKnownFileType = sourcecode.c.objc; path = DetailViewController.m; sourceTree = "<group>"; };
		229FB1C51CA2433400F72121 /* Base */ = {isa = PBXFileReference; lastKnownFileType = file.storyboard; name = Base; path = Base.lproj/Main.storyboard; sourceTree = "<group>"; };
		229FB1C71CA2433400F72121 /* Assets.xcassets */ = {isa = PBXFileReference; lastKnownFileType = folder.assetcatalog; path = Assets.xcassets; sourceTree = "<group>"; };
		229FB1CA1CA2433400F72121 /* Base */ = {isa = PBXFileReference; lastKnownFileType = file.storyboard; name = Base; path = Base.lproj/LaunchScreen.storyboard; sourceTree = "<group>"; };
		229FB1CC1CA2433400F72121 /* Info.plist */ = {isa = PBXFileReference; lastKnownFileType = text.plist.xml; path = Info.plist; sourceTree = "<group>"; };
		229FB1D11CA2433400F72121 /* ImageMasterDetailTests.xctest */ = {isa = PBXFileReference; explicitFileType = wrapper.cfbundle; includeInIndex = 0; path = ImageMasterDetailTests.xctest; sourceTree = BUILT_PRODUCTS_DIR; };
		229FB1D51CA2433400F72121 /* ImageMasterDetailTests.m */ = {isa = PBXFileReference; lastKnownFileType = sourcecode.c.objc; path = ImageMasterDetailTests.m; sourceTree = "<group>"; };
		229FB1D71CA2433400F72121 /* Info.plist */ = {isa = PBXFileReference; lastKnownFileType = text.plist.xml; path = Info.plist; sourceTree = "<group>"; };
		229FB1E01CA2484D00F72121 /* ImageCell.h */ = {isa = PBXFileReference; fileEncoding = 4; lastKnownFileType = sourcecode.c.h; path = ImageCell.h; sourceTree = "<group>"; };
		229FB1E11CA2484D00F72121 /* ImageCell.m */ = {isa = PBXFileReference; fileEncoding = 4; lastKnownFileType = sourcecode.c.objc; path = ImageCell.m; sourceTree = "<group>"; };
/* End PBXFileReference section */

/* Begin PBXFrameworksBuildPhase section */
		229FB1B21CA2433400F72121 /* Frameworks */ = {
			isa = PBXFrameworksBuildPhase;
			buildActionMask = 2147483647;
			files = (
			);
			runOnlyForDeploymentPostprocessing = 0;
		};
		229FB1CE1CA2433400F72121 /* Frameworks */ = {
			isa = PBXFrameworksBuildPhase;
			buildActionMask = 2147483647;
			files = (
			);
			runOnlyForDeploymentPostprocessing = 0;
		};
/* End PBXFrameworksBuildPhase section */

/* Begin PBXGroup section */
		229FB1AC1CA2433400F72121 = {
			isa = PBXGroup;
			children = (
				229FB1B71CA2433400F72121 /* ImageMasterDetail */,
				229FB1D41CA2433400F72121 /* ImageMasterDetailTests */,
				229FB1B61CA2433400F72121 /* Products */,
			);
			sourceTree = "<group>";
		};
		229FB1B61CA2433400F72121 /* Products */ = {
			isa = PBXGroup;
			children = (
				229FB1B51CA2433400F72121 /* ImageMasterDetail.app */,
				229FB1D11CA2433400F72121 /* ImageMasterDetailTests.xctest */,
			);
			name = Products;
			sourceTree = "<group>";
		};
		229FB1B71CA2433400F72121 /* ImageMasterDetail */ = {
			isa = PBXGroup;
			children = (
				229FB1BB1CA2433400F72121 /* AppDelegate.h */,
				229FB1BC1CA2433400F72121 /* AppDelegate.m */,
				229FB1BE1CA2433400F72121 /* MasterViewController.h */,
				229FB1BF1CA2433400F72121 /* MasterViewController.m */,
				229FB1C11CA2433400F72121 /* DetailViewController.h */,
				229FB1C21CA2433400F72121 /* DetailViewController.m */,
				229FB1E01CA2484D00F72121 /* ImageCell.h */,
				229FB1E11CA2484D00F72121 /* ImageCell.m */,
				229FB1C41CA2433400F72121 /* Main.storyboard */,
				229FB1C71CA2433400F72121 /* Assets.xcassets */,
				229FB1C91CA2433400F72121 /* LaunchScreen.storyboard */,
				229FB1CC1CA2433400F72121 /* Info.plist */,
				229FB1B81CA2433400F72121 /* Supporting Files */,
			);
			path = ImageMasterDetail;
			sourceTree = "<group>";
		};
		229FB1B81CA2433400F72121 /* Supporting Files */ = {
			isa = PBXGroup;
			children = (
				229FB1B91CA2433400F72121 /* main.m */,
			);
			name = "Supporting Files";
			sourceTree = "<group>";
		};
		229FB1D41CA2433400F72121 /* ImageMasterDetailTests */ = {
			isa = PBXGroup;
			children = (
				229FB1D51CA2433400F72121 /* ImageMasterDetailTests.m */,
				229FB1D71CA2433400F72121 /* Info.plist */,
			);
			path = ImageMasterDetailTests;
			sourceTree = "<group>";
		};
/* End PBXGroup section */

/* Begin PBXNativeTarget section */
		229FB1B41CA2433400F72121 /* ImageMasterDetail */ = {
			isa = PBXNativeTarget;
			buildConfigurationList = 229FB1DA1CA2433400F72121 /* Build configuration list for PBXNativeTarget "ImageMasterDetail" */;
			buildPhases = (
				229FB1B11CA2433400F72121 /* Sources */,
				229FB1B21CA2433400F72121 /* Frameworks */,
				229FB1B31CA2433400F72121 /* Resources */,
			);
			buildRules = (
			);
			dependencies = (
			);
			name = ImageMasterDetail;
			productName = ImageMasterDetail;
			productReference = 229FB1B51CA2433400F72121 /* ImageMasterDetail.app */;
			productType = "com.apple.product-type.application";
		};
		229FB1D01CA2433400F72121 /* ImageMasterDetailTests */ = {
			isa = PBXNativeTarget;
			buildConfigurationList = 229FB1DD1CA2433400F72121 /* Build configuration list for PBXNativeTarget "ImageMasterDetailTests" */;
			buildPhases = (
				229FB1CD1CA2433400F72121 /* Sources */,
				229FB1CE1CA2433400F72121 /* Frameworks */,
				229FB1CF1CA2433400F72121 /* Resources */,
			);
			buildRules = (
			);
			dependencies = (
				229FB1D31CA2433400F72121 /* PBXTargetDependency */,
			);
			name = ImageMasterDetailTests;
			productName = ImageMasterDetailTests;
			productReference = 229FB1D11CA2433400F72121 /* ImageMasterDetailTests.xctest */;
			productType = "com.apple.product-type.bundle.unit-test";
		};
/* End PBXNativeTarget section */

/* Begin PBXProject section */
		229FB1AD1CA2433400F72121 /* Project object */ = {
			isa = PBXProject;
			attributes = {
				LastUpgradeCheck = 0720;
				ORGANIZATIONNAME = "Meech-Ward";
				TargetAttributes = {
					229FB1B41CA2433400F72121 = {
						CreatedOnToolsVersion = 7.2.1;
					};
					229FB1D01CA2433400F72121 = {
						CreatedOnToolsVersion = 7.2.1;
						TestTargetID = 229FB1B41CA2433400F72121;
					};
				};
			};
			buildConfigurationList = 229FB1B01CA2433400F72121 /* Build configuration list for PBXProject "ImageMasterDetail" */;
			compatibilityVersion = "Xcode 3.2";
			developmentRegion = English;
			hasScannedForEncodings = 0;
			knownRegions = (
				en,
				Base,
			);
			mainGroup = 229FB1AC1CA2433400F72121;
			productRefGroup = 229FB1B61CA2433400F72121 /* Products */;
			projectDirPath = "";
			projectRoot = "";
			targets = (
				229FB1B41CA2433400F72121 /* ImageMasterDetail */,
				229FB1D01CA2433400F72121 /* ImageMasterDetailTests */,
			);
		};
/* End PBXProject section */

/* Begin PBXResourcesBuildPhase section */
		229FB1B31CA2433400F72121 /* Resources */ = {
			isa = PBXResourcesBuildPhase;
			buildActionMask = 2147483647;
			files = (
				229FB1CB1CA2433400F72121 /* LaunchScreen.storyboard in Resources */,
				229FB1C81CA2433400F72121 /* Assets.xcassets in Resources */,
				229FB1C61CA2433400F72121 /* Main.storyboard in Resources */,
			);
			runOnlyForDeploymentPostprocessing = 0;
		};
		229FB1CF1CA2433400F72121 /* Resources */ = {
			isa = PBXResourcesBuildPhase;
			buildActionMask = 2147483647;
			files = (
			);
			runOnlyForDeploymentPostprocessing = 0;
		};
/* End PBXResourcesBuildPhase section */

/* Begin PBXSourcesBuildPhase section */
		229FB1B11CA2433400F72121 /* Sources */ = {
			isa = PBXSourcesBuildPhase;
			buildActionMask = 2147483647;
			files = (
				229FB1BD1CA2433400F72121 /* AppDelegate.m in Sources */,
				229FB1E21CA2484D00F72121 /* ImageCell.m in Sources */,
				229FB1C01CA2433400F72121 /* MasterViewController.m in Sources */,
				229FB1BA1CA2433400F72121 /* main.m in Sources */,
				229FB1C31CA2433400F72121 /* DetailViewController.m in Sources */,
			);
			runOnlyForDeploymentPostprocessing = 0;
		};
		229FB1CD1CA2433400F72121 /* Sources */ = {
			isa = PBXSourcesBuildPhase;
			buildActionMask = 2147483647;
			files = (
				229FB1D61CA2433400F72121 /* ImageMasterDetailTests.m in Sources */,
			);
			runOnlyForDeploymentPostprocessing = 0;
		};
/* End PBXSourcesBuildPhase section */

/* Begin PBXTargetDependency section */
		229FB1D31CA2433400F72121 /* PBXTargetDependency */ = {
			isa = PBXTargetDependency;
			target = 229FB1B41CA2433400F72121 /* ImageMasterDetail */;
			targetProxy = 229FB1D21CA2433400F72121 /* PBXContainerItemProxy */;
		};
/* End PBXTargetDependency section */

/* Begin PBXVariantGroup section */
		229FB1C41CA2433400F72121 /* Main.storyboard */ = {
			isa = PBXVariantGroup;
			children = (
				229FB1C51CA2433400F72121 /* Base */,
			);
			name = Main.storyboard;
			sourceTree = "<group>";
		};
		229FB1C91CA2433400F72121 /* LaunchScreen.storyboard */ = {
			isa = PBXVariantGroup;
			children = (
				229FB1CA1CA2433400F72121 /* Base */,
			);
			name = LaunchScreen.storyboard;
			sourceTree = "<group>";
		};
/* End PBXVariantGroup section */

/* Begin XCBuildConfiguration section */
		229FB1D81CA2433400F72121 /* Debug */ = {
			isa = XCBuildConfiguration;
			buildSettings = {
				ALWAYS_SEARCH_USER_PATHS = NO;
				CLANG_CXX_LANGUAGE_STANDARD = "gnu++0x";
				CLANG_CXX_LIBRARY = "libc++";
				CLANG_ENABLE_MODULES = YES;
				CLANG_ENABLE_OBJC_ARC = YES;
				CLANG_WARN_BOOL_CONVERSION = YES;
				CLANG_WARN_CONSTANT_CONVERSION = YES;
				CLANG_WARN_DIRECT_OBJC_ISA_USAGE = YES_ERROR;
				CLANG_WARN_EMPTY_BODY = YES;
				CLANG_WARN_ENUM_CONVERSION = YES;
				CLANG_WARN_INT_CONVERSION = YES;
				CLANG_WARN_OBJC_ROOT_CLASS = YES_ERROR;
				CLANG_WARN_UNREACHABLE_CODE = YES;
				CLANG_WARN__DUPLICATE_METHOD_MATCH = YES;
				"CODE_SIGN_IDENTITY[sdk=iphoneos*]" = "iPhone Developer";
				COPY_PHASE_STRIP = NO;
				DEBUG_INFORMATION_FORMAT = dwarf;
				ENABLE_STRICT_OBJC_MSGSEND = YES;
				ENABLE_TESTABILITY = YES;
				GCC_C_LANGUAGE_STANDARD = gnu99;
				GCC_DYNAMIC_NO_PIC = NO;
				GCC_NO_COMMON_BLOCKS = YES;
				GCC_OPTIMIZATION_LEVEL = 0;
				GCC_PREPROCESSOR_DEFINITIONS = (
					"DEBUG=1",
					"$(inherited)",
				);
				GCC_WARN_64_TO_32_BIT_CONVERSION = YES;
				GCC_WARN_ABOUT_RETURN_TYPE = YES_ERROR;
				GCC_WARN_UNDECLARED_SELECTOR = YES;
				GCC_WARN_UNINITIALIZED_AUTOS = YES_AGGRESSIVE;
				GCC_WARN_UNUSED_FUNCTION = YES;
				GCC_WARN_UNUSED_VARIABLE = YES;
				IPHONEOS_DEPLOYMENT_TARGET = 9.2;
				MTL_ENABLE_DEBUG_INFO = YES;
				ONLY_ACTIVE_ARCH = YES;
				SDKROOT = iphoneos;
				TARGETED_DEVICE_FAMILY = "1,2";
			};
			name = Debug;
		};
		229FB1D91CA2433400F72121 /* Release */ = {
			isa = XCBuildConfiguration;
			buildSettings = {
				ALWAYS_SEARCH_USER_PATHS = NO;
				CLANG_CXX_LANGUAGE_STANDARD = "gnu++0x";
				CLANG_CXX_LIBRARY = "libc++";
				CLANG_ENABLE_MODULES = YES;
				CLANG_ENABLE_OBJC_ARC = YES;
				CLANG_WARN_BOOL_CONVERSION = YES;
				CLANG_WARN_CONSTANT_CONVERSION = YES;
				CLANG_WARN_DIRECT_OBJC_ISA_USAGE = YES_ERROR;
				CLANG_WARN_EMPTY_BODY = YES;
				CLANG_WARN_ENUM_CONVERSION = YES;
				CLANG_WARN_INT_CONVERSION = YES;
				CLANG_WARN_OBJC_ROOT_CLASS = YES_ERROR;
				CLANG_WARN_UNREACHABLE_CODE = YES;
				CLANG_WARN__DUPLICATE_METHOD_MATCH = YES;
				"CODE_SIGN_IDENTITY[sdk=iphoneos*]" = "iPhone Developer";
				COPY_PHASE_STRIP = NO;
				DEBUG_INFORMATION_FORMAT = "dwarf-with-dsym";
				ENABLE_NS_ASSERTIONS = NO;
				ENABLE_STRICT_OBJC_MSGSEND = YES;
				GCC_C_LANGUAGE_STANDARD = gnu99;
				GCC_NO_COMMON_BLOCKS = YES;
				GCC_WARN_64_TO_32_BIT_CONVERSION = YES;
				GCC_WARN_ABOUT_RETURN_TYPE = YES_ERROR;
				GCC_WARN_UNDECLARED_SELECTOR = YES;
				GCC_WARN_UNINITIALIZED_AUTOS = YES_AGGRESSIVE;
				GCC_WARN_UNUSED_FUNCTION = YES;
				GCC_WARN_UNUSED_VARIABLE = YES;
				IPHONEOS_DEPLOYMENT_TARGET = 9.2;
				MTL_ENABLE_DEBUG_INFO = NO;
				SDKROOT = iphoneos;
				TARGETED_DEVICE_FAMILY = "1,2";
				VALIDATE_PRODUCT = YES;
			};
			name = Release;
		};
		229FB1DB1CA2433400F72121 /* Debug */ = {
			isa = XCBuildConfiguration;
			buildSettings = {
				ASSETCATALOG_COMPILER_APPICON_NAME = AppIcon;
				INFOPLIST_FILE = ImageMasterDetail/Info.plist;
				LD_RUNPATH_SEARCH_PATHS = "$(inherited) @executable_path/Frameworks";
				PRODUCT_BUNDLE_IDENTIFIER = "com.meech-ward.ImageMasterDetail";
				PRODUCT_NAME = "$(TARGET_NAME)";
			};
			name = Debug;
		};
		229FB1DC1CA2433400F72121 /* Release */ = {
			isa = XCBuildConfiguration;
			buildSettings = {
				ASSETCATALOG_COMPILER_APPICON_NAME = AppIcon;
				INFOPLIST_FILE = ImageMasterDetail/Info.plist;
				LD_RUNPATH_SEARCH_PATHS = "$(inherited) @executable_path/Frameworks";
				PRODUCT_BUNDLE_IDENTIFIER = "com.meech-ward.ImageMasterDetail";
				PRODUCT_NAME = "$(TARGET_NAME)";
			};
			name = Release;
		};
		229FB1DE1CA2433400F72121 /* Debug */ = {
			isa = XCBuildConfiguration;
			buildSettings = {
				BUNDLE_LOADER = "$(TEST_HOST)";
				INFOPLIST_FILE = ImageMasterDetailTests/Info.plist;
				LD_RUNPATH_SEARCH_PATHS = "$(inherited) @executable_path/Frameworks @loader_path/Frameworks";
				PRODUCT_BUNDLE_IDENTIFIER = "com.meech-ward.ImageMasterDetailTests";
				PRODUCT_NAME = "$(TARGET_NAME)";
				TEST_HOST = "$(BUILT_PRODUCTS_DIR)/ImageMasterDetail.app/ImageMasterDetail";
			};
			name = Debug;
		};
		229FB1DF1CA2433400F72121 /* Release */ = {
			isa = XCBuildConfiguration;
			buildSettings = {
				BUNDLE_LOADER = "$(TEST_HOST)";
				INFOPLIST_FILE = ImageMasterDetailTests/Info.plist;
				LD_RUNPATH_SEARCH_PATHS = "$(inherited) @executable_path/Frameworks @loader_path/Frameworks";
				PRODUCT_BUNDLE_IDENTIFIER = "com.meech-ward.ImageMasterDetailTests";
				PRODUCT_NAME = "$(TARGET_NAME)";
				TEST_HOST = "$(BUILT_PRODUCTS_DIR)/ImageMasterDetail.app/ImageMasterDetail";
			};
			name = Release;
		};
/* End XCBuildConfiguration section */

/* Begin XCConfigurationList section */
		229FB1B01CA2433400F72121 /* Build configuration list for PBXProject "ImageMasterDetail" */ = {
			isa = XCConfigurationList;
			buildConfigurations = (
				229FB1D81CA2433400F72121 /* Debug */,
				229FB1D91CA2433400F72121 /* Release */,
			);
			defaultConfigurationIsVisible = 0;
			defaultConfigurationName = Release;
		};
		229FB1DA1CA2433400F72121 /* Build configuration list for PBXNativeTarget "ImageMasterDetail" */ = {
			isa = XCConfigurationList;
			buildConfigurations = (
				229FB1DB1CA2433400F72121 /* Debug */,
				229FB1DC1CA2433400F72121 /* Release */,
			);
			defaultConfigurationIsVisible = 0;
		};
		229FB1DD1CA2433400F72121 /* Build configuration list for PBXNativeTarget "ImageMasterDetailTests" */ = {
			isa = XCConfigurationList;
			buildConfigurations = (
				229FB1DE1CA2433400F72121 /* Debug */,
				229FB1DF1CA2433400F72121 /* Release */,
			);
			defaultConfigurationIsVisible = 0;
		};
/* End XCConfigurationList section */
	};
	rootObject = 229FB1AD1CA2433400F72121 /* Project object */;
}
